{
  "requires": true,
  "lockfileVersion": 1,
  "dependencies": {
    "jautocalc": {
      "version": "1.4.1",
      "resolved": "https://registry.npmjs.org/jautocalc/-/jautocalc-1.4.1.tgz",
      "integrity": "sha512-GLLlTnFJDZx7+x3dpNEFosTNzDkXqa2X4mB1uJ3mlu6YiavQgNAoHfx02hrTbpHpmIRjFsXqysYv0NPVC51LCA=="
    }
  }
}
